
Microsoft Visual Studio Solution File, Format Version 12.00
# Visual Studio Version 17
VisualStudioVersion = 17.8.34408.163
MinimumVisualStudioVersion = 10.0.40219.1
Project("{FAE04EC0-301F-11D3-BF4B-00C04F79EFBC}") = "Retro Traffic Racer", "Курсова Робота\Retro Traffic Racer.csproj", "{0927BBDD-DE18-44C0-B28E-44636666D83D}"
EndProject
Global
	GlobalSection(SolutionConfigurationPlatforms) = preSolution
		Debug|Any CPU = Debug|Any CPU
		Release|Any CPU = Release|Any CPU
	EndGlobalSection
	GlobalSection(ProjectConfigurationPlatforms) = postSolution
		{0927BBDD-DE18-44C0-B28E-44636666D83D}.Debug|Any CPU.ActiveCfg = Debug|Any CPU
		{0927BBDD-DE18-44C0-B28E-44636666D83D}.Debug|Any CPU.Build.0 = Debug|Any CPU
		{0927BBDD-DE18-44C0-B28E-44636666D83D}.Release|Any CPU.ActiveCfg = Release|Any CPU
		{0927BBDD-DE18-44C0-B28E-44636666D83D}.Release|Any CPU.Build.0 = Release|Any CPU
	EndGlobalSection
	GlobalSection(SolutionProperties) = preSolution
		HideSolutionNode = FALSE
	EndGlobalSection
	GlobalSection(ExtensibilityGlobals) = postSolution
		SolutionGuid = {62AEEBA6-57A7-4584-9A43-23D293BC6054}
	EndGlobalSection
EndGlobal
